
Microsoft Visual Studio Solution File, Format Version 12.00
# Visual Studio 14
VisualStudioVersion = 14.0.25420.1
MinimumVisualStudioVersion = 10.0.40219.1
Project("{FAE04EC0-301F-11D3-BF4B-00C04F79EFBC}") = "Cinematorium", "Cinematorium\Cinematorium.csproj", "{3B69DEF5-E422-4FFF-968E-E9622BFD28F2}"
EndProject
Project("{FAE04EC0-301F-11D3-BF4B-00C04F79EFBC}") = "Cinematorium.Entities", "Cinematorium.Entities\Cinematorium.Entities.csproj", "{0CCF436E-A327-49E3-B66E-838DC12D4F3F}"
EndProject
Project("{FAE04EC0-301F-11D3-BF4B-00C04F79EFBC}") = "Cinematorium.DataAccessLayer", "Cinematorium.DataAccessLayer\Cinematorium.DataAccessLayer.csproj", "{67FADAE4-5051-4E22-99A6-5B88D85F4E1F}"
EndProject
Global
	GlobalSection(SolutionConfigurationPlatforms) = preSolution
		Debug|Any CPU = Debug|Any CPU
		Release|Any CPU = Release|Any CPU
	EndGlobalSection
	GlobalSection(ProjectConfigurationPlatforms) = postSolution
		{3B69DEF5-E422-4FFF-968E-E9622BFD28F2}.Debug|Any CPU.ActiveCfg = Debug|Any CPU
		{3B69DEF5-E422-4FFF-968E-E9622BFD28F2}.Debug|Any CPU.Build.0 = Debug|Any CPU
		{3B69DEF5-E422-4FFF-968E-E9622BFD28F2}.Release|Any CPU.ActiveCfg = Release|Any CPU
		{3B69DEF5-E422-4FFF-968E-E9622BFD28F2}.Release|Any CPU.Build.0 = Release|Any CPU
		{0CCF436E-A327-49E3-B66E-838DC12D4F3F}.Debug|Any CPU.ActiveCfg = Debug|Any CPU
		{0CCF436E-A327-49E3-B66E-838DC12D4F3F}.Debug|Any CPU.Build.0 = Debug|Any CPU
		{0CCF436E-A327-49E3-B66E-838DC12D4F3F}.Release|Any CPU.ActiveCfg = Release|Any CPU
		{0CCF436E-A327-49E3-B66E-838DC12D4F3F}.Release|Any CPU.Build.0 = Release|Any CPU
		{67FADAE4-5051-4E22-99A6-5B88D85F4E1F}.Debug|Any CPU.ActiveCfg = Debug|Any CPU
		{67FADAE4-5051-4E22-99A6-5B88D85F4E1F}.Debug|Any CPU.Build.0 = Debug|Any CPU
		{67FADAE4-5051-4E22-99A6-5B88D85F4E1F}.Release|Any CPU.ActiveCfg = Release|Any CPU
		{67FADAE4-5051-4E22-99A6-5B88D85F4E1F}.Release|Any CPU.Build.0 = Release|Any CPU
	EndGlobalSection
	GlobalSection(SolutionProperties) = preSolution
		HideSolutionNode = FALSE
	EndGlobalSection
	GlobalSection(TeamFoundationVersionControl) = preSolution
		SccNumberOfProjects = 4
		SccEnterpriseProvider = {4CA58AB2-18FA-4F8D-95D4-32DDF27D184C}
		SccTeamFoundationServer = https://gizem-tanriverdi.visualstudio.com/
		SccLocalPath0 = .
		SccProjectUniqueName1 = Cinematorium.DataAccessLayer\\Cinematorium.DataAccessLayer.csproj
		SccProjectName1 = Cinematorium.DataAccessLayer
		SccLocalPath1 = Cinematorium.DataAccessLayer
		SccProjectUniqueName2 = Cinematorium.Entities\\Cinematorium.Entities.csproj
		SccProjectName2 = Cinematorium.Entities
		SccLocalPath2 = Cinematorium.Entities
		SccProjectUniqueName3 = Cinematorium\\Cinematorium.csproj
		SccProjectName3 = Cinematorium
		SccLocalPath3 = Cinematorium
	EndGlobalSection
EndGlobal
